
Microsoft Visual Studio Solution File, Format Version 12.00
# Visual Studio Version 16
VisualStudioVersion = 16.0.29215.179
MinimumVisualStudioVersion = 10.0.40219.1
Project("{FAE04EC0-301F-11D3-BF4B-00C04F79EFBC}") = "TaylorBennett.BackService", "TaylorBennett.BackService\TaylorBennett.BackService.csproj", "{0B376B9C-2D43-43AC-A1ED-1A0167FF9F51}"
EndProject
Project("{FAE04EC0-301F-11D3-BF4B-00C04F79EFBC}") = "TaylorBennett.FrontEnd", "TaylorBennett.FrontEnd\TaylorBennett.FrontEnd.csproj", "{BE798200-D8FB-40E5-AA43-41D15FBE8422}"
EndProject
Project("{FAE04EC0-301F-11D3-BF4B-00C04F79EFBC}") = "TaylorBennettDTO", "TaylorBennettDTO\TaylorBennettDTO.csproj", "{C5D9A07A-653F-4FA8-B2B9-DA0F5E4E3630}"
EndProject
Global
	GlobalSection(SolutionConfigurationPlatforms) = preSolution
		Debug|Any CPU = Debug|Any CPU
		Release|Any CPU = Release|Any CPU
	EndGlobalSection
	GlobalSection(ProjectConfigurationPlatforms) = postSolution
		{0B376B9C-2D43-43AC-A1ED-1A0167FF9F51}.Debug|Any CPU.ActiveCfg = Debug|Any CPU
		{0B376B9C-2D43-43AC-A1ED-1A0167FF9F51}.Debug|Any CPU.Build.0 = Debug|Any CPU
		{0B376B9C-2D43-43AC-A1ED-1A0167FF9F51}.Release|Any CPU.ActiveCfg = Release|Any CPU
		{0B376B9C-2D43-43AC-A1ED-1A0167FF9F51}.Release|Any CPU.Build.0 = Release|Any CPU
		{BE798200-D8FB-40E5-AA43-41D15FBE8422}.Debug|Any CPU.ActiveCfg = Debug|Any CPU
		{BE798200-D8FB-40E5-AA43-41D15FBE8422}.Debug|Any CPU.Build.0 = Debug|Any CPU
		{BE798200-D8FB-40E5-AA43-41D15FBE8422}.Release|Any CPU.ActiveCfg = Release|Any CPU
		{BE798200-D8FB-40E5-AA43-41D15FBE8422}.Release|Any CPU.Build.0 = Release|Any CPU
		{C5D9A07A-653F-4FA8-B2B9-DA0F5E4E3630}.Debug|Any CPU.ActiveCfg = Debug|Any CPU
		{C5D9A07A-653F-4FA8-B2B9-DA0F5E4E3630}.Debug|Any CPU.Build.0 = Debug|Any CPU
		{C5D9A07A-653F-4FA8-B2B9-DA0F5E4E3630}.Release|Any CPU.ActiveCfg = Release|Any CPU
		{C5D9A07A-653F-4FA8-B2B9-DA0F5E4E3630}.Release|Any CPU.Build.0 = Release|Any CPU
	EndGlobalSection
	GlobalSection(SolutionProperties) = preSolution
		HideSolutionNode = FALSE
	EndGlobalSection
	GlobalSection(ExtensibilityGlobals) = postSolution
		SolutionGuid = {1904581F-D6E3-4FCA-9098-46A83BF2AC67}
	EndGlobalSection
EndGlobal
